
Microsoft Visual Studio Solution File, Format Version 12.00
# Visual Studio Version 17
VisualStudioVersion = 17.6.33723.286
MinimumVisualStudioVersion = 10.0.40219.1
Project("{FAE04EC0-301F-11D3-BF4B-00C04F79EFBC}") = "2048", "2048\2048.csproj", "{B598C2B2-B823-4BD8-9B1C-BF8F0FAF1ECE}"
EndProject
Global
	GlobalSection(SolutionConfigurationPlatforms) = preSolution
		Debug|Any CPU = Debug|Any CPU
		Release|Any CPU = Release|Any CPU
	EndGlobalSection
	GlobalSection(ProjectConfigurationPlatforms) = postSolution
		{B598C2B2-B823-4BD8-9B1C-BF8F0FAF1ECE}.Debug|Any CPU.ActiveCfg = Debug|Any CPU
		{B598C2B2-B823-4BD8-9B1C-BF8F0FAF1ECE}.Debug|Any CPU.Build.0 = Debug|Any CPU
		{B598C2B2-B823-4BD8-9B1C-BF8F0FAF1ECE}.Release|Any CPU.ActiveCfg = Release|Any CPU
		{B598C2B2-B823-4BD8-9B1C-BF8F0FAF1ECE}.Release|Any CPU.Build.0 = Release|Any CPU
	EndGlobalSection
	GlobalSection(SolutionProperties) = preSolution
		HideSolutionNode = FALSE
	EndGlobalSection
	GlobalSection(ExtensibilityGlobals) = postSolution
		SolutionGuid = {1EC15A91-2536-4FAE-84AA-1243D8B139B7}
	EndGlobalSection
EndGlobal
